// !$*UTF8*$!
{
	archiveVersion = 1;
	classes = {
	};
	objectVersion = 46;
	objects = {

/* Begin PBXBuildFile section */
		7409FB741C0D38900029B9A5 /* main.m in Sources */ = {isa = PBXBuildFile; fileRef = 7409FB731C0D38900029B9A5 /* main.m */; };
		7409FB771C0D38900029B9A5 /* AppDelegate.m in Sources */ = {isa = PBXBuildFile; fileRef = 7409FB761C0D38900029B9A5 /* AppDelegate.m */; };
		7409FB7A1C0D38900029B9A5 /* ViewController.m in Sources */ = {isa = PBXBuildFile; fileRef = 7409FB791C0D38900029B9A5 /* ViewController.m */; };
		7409FB7D1C0D38900029B9A5 /* Main.storyboard in Resources */ = {isa = PBXBuildFile; fileRef = 7409FB7B1C0D38900029B9A5 /* Main.storyboard */; };
		7409FB801C0D38900029B9A5 /* CityWeatherIOS.xcdatamodeld in Sources */ = {isa = PBXBuildFile; fileRef = 7409FB7E1C0D38900029B9A5 /* CityWeatherIOS.xcdatamodeld */; };
		7409FB821C0D38900029B9A5 /* Assets.xcassets in Resources */ = {isa = PBXBuildFile; fileRef = 7409FB811C0D38900029B9A5 /* Assets.xcassets */; };
		7409FB851C0D38900029B9A5 /* LaunchScreen.storyboard in Resources */ = {isa = PBXBuildFile; fileRef = 7409FB831C0D38900029B9A5 /* LaunchScreen.storyboard */; };
		7409FB931C0D3A0D0029B9A5 /* Weather+CoreDataProperties.m in Sources */ = {isa = PBXBuildFile; fileRef = 7409FB901C0D3A0D0029B9A5 /* Weather+CoreDataProperties.m */; };
		7409FB941C0D3A0D0029B9A5 /* Weather.m in Sources */ = {isa = PBXBuildFile; fileRef = 7409FB921C0D3A0D0029B9A5 /* Weather.m */; };
		7409FB981C0D3A690029B9A5 /* Weather+OpenWeather.m in Sources */ = {isa = PBXBuildFile; fileRef = 7409FB971C0D3A690029B9A5 /* Weather+OpenWeather.m */; };
		7409FBA01C0D3B4C0029B9A5 /* Constants.m in Sources */ = {isa = PBXBuildFile; fileRef = 7409FB9D1C0D3B4C0029B9A5 /* Constants.m */; };
		7409FBA11C0D3B4C0029B9A5 /* Utilities.m in Sources */ = {isa = PBXBuildFile; fileRef = 7409FB9F1C0D3B4C0029B9A5 /* Utilities.m */; };
		7413C3FA1C0E5C57009262A8 /* Flickr.m in Sources */ = {isa = PBXBuildFile; fileRef = 7413C3F71C0E5C57009262A8 /* Flickr.m */; };
		7413C3FB1C0E5C57009262A8 /* FlickrPhoto.m in Sources */ = {isa = PBXBuildFile; fileRef = 7413C3F91C0E5C57009262A8 /* FlickrPhoto.m */; };
/* End PBXBuildFile section */

/* Begin PBXFileReference section */
		7409FB6F1C0D38900029B9A5 /* CityWeatherIOS.app */ = {isa = PBXFileReference; explicitFileType = wrapper.application; includeInIndex = 0; path = CityWeatherIOS.app; sourceTree = BUILT_PRODUCTS_DIR; };
		7409FB731C0D38900029B9A5 /* main.m */ = {isa = PBXFileReference; lastKnownFileType = sourcecode.c.objc; path = main.m; sourceTree = "<group>"; };
		7409FB751C0D38900029B9A5 /* AppDelegate.h */ = {isa = PBXFileReference; lastKnownFileType = sourcecode.c.h; path = AppDelegate.h; sourceTree = "<group>"; };
		7409FB761C0D38900029B9A5 /* AppDelegate.m */ = {isa = PBXFileReference; lastKnownFileType = sourcecode.c.objc; path = AppDelegate.m; sourceTree = "<group>"; };
		7409FB781C0D38900029B9A5 /* ViewController.h */ = {isa = PBXFileReference; lastKnownFileType = sourcecode.c.h; path = ViewController.h; sourceTree = "<group>"; };
		7409FB791C0D38900029B9A5 /* ViewController.m */ = {isa = PBXFileReference; lastKnownFileType = sourcecode.c.objc; path = ViewController.m; sourceTree = "<group>"; };
		7409FB7C1C0D38900029B9A5 /* Base */ = {isa = PBXFileReference; lastKnownFileType = file.storyboard; name = Base; path = Base.lproj/Main.storyboard; sourceTree = "<group>"; };
		7409FB7F1C0D38900029B9A5 /* CityWeatherIOS.xcdatamodel */ = {isa = PBXFileReference; lastKnownFileType = wrapper.xcdatamodel; path = CityWeatherIOS.xcdatamodel; sourceTree = "<group>"; };
		7409FB811C0D38900029B9A5 /* Assets.xcassets */ = {isa = PBXFileReference; lastKnownFileType = folder.assetcatalog; path = Assets.xcassets; sourceTree = "<group>"; };
		7409FB841C0D38900029B9A5 /* Base */ = {isa = PBXFileReference; lastKnownFileType = file.storyboard; name = Base; path = Base.lproj/LaunchScreen.storyboard; sourceTree = "<group>"; };
		7409FB861C0D38900029B9A5 /* Info.plist */ = {isa = PBXFileReference; lastKnownFileType = text.plist.xml; path = Info.plist; sourceTree = "<group>"; };
		7409FB8F1C0D3A0D0029B9A5 /* Weather+CoreDataProperties.h */ = {isa = PBXFileReference; fileEncoding = 4; lastKnownFileType = sourcecode.c.h; name = "Weather+CoreDataProperties.h"; path = "CityWeatherIOS/Weather/Weather+CoreDataProperties.h"; sourceTree = "<group>"; };
		7409FB901C0D3A0D0029B9A5 /* Weather+CoreDataProperties.m */ = {isa = PBXFileReference; fileEncoding = 4; lastKnownFileType = sourcecode.c.objc; name = "Weather+CoreDataProperties.m"; path = "CityWeatherIOS/Weather/Weather+CoreDataProperties.m"; sourceTree = "<group>"; };
		7409FB911C0D3A0D0029B9A5 /* Weather.h */ = {isa = PBXFileReference; fileEncoding = 4; lastKnownFileType = sourcecode.c.h; name = Weather.h; path = CityWeatherIOS/Weather/Weather.h; sourceTree = "<group>"; };
		7409FB921C0D3A0D0029B9A5 /* Weather.m */ = {isa = PBXFileReference; fileEncoding = 4; lastKnownFileType = sourcecode.c.objc; name = Weather.m; path = CityWeatherIOS/Weather/Weather.m; sourceTree = "<group>"; };
		7409FB961C0D3A690029B9A5 /* Weather+OpenWeather.h */ = {isa = PBXFileReference; fileEncoding = 4; lastKnownFileType = sourcecode.c.h; name = "Weather+OpenWeather.h"; path = "CityWeatherIOS/Weather/Weather+OpenWeather.h"; sourceTree = "<group>"; };
		7409FB971C0D3A690029B9A5 /* Weather+OpenWeather.m */ = {isa = PBXFileReference; fileEncoding = 4; lastKnownFileType = sourcecode.c.objc; name = "Weather+OpenWeather.m"; path = "CityWeatherIOS/Weather/Weather+OpenWeather.m"; sourceTree = "<group>"; };
		7409FB9C1C0D3B4C0029B9A5 /* Constants.h */ = {isa = PBXFileReference; fileEncoding = 4; lastKnownFileType = sourcecode.c.h; path = Constants.h; sourceTree = "<group>"; };
		7409FB9D1C0D3B4C0029B9A5 /* Constants.m */ = {isa = PBXFileReference; fileEncoding = 4; lastKnownFileType = sourcecode.c.objc; path = Constants.m; sourceTree = "<group>"; };
		7409FB9E1C0D3B4C0029B9A5 /* Utilities.h */ = {isa = PBXFileReference; fileEncoding = 4; lastKnownFileType = sourcecode.c.h; path = Utilities.h; sourceTree = "<group>"; };
		7409FB9F1C0D3B4C0029B9A5 /* Utilities.m */ = {isa = PBXFileReference; fileEncoding = 4; lastKnownFileType = sourcecode.c.objc; path = Utilities.m; sourceTree = "<group>"; };
		7413C3F61C0E5C57009262A8 /* Flickr.h */ = {isa = PBXFileReference; fileEncoding = 4; lastKnownFileType = sourcecode.c.h; path = Flickr.h; sourceTree = "<group>"; };
		7413C3F71C0E5C57009262A8 /* Flickr.m */ = {isa = PBXFileReference; fileEncoding = 4; lastKnownFileType = sourcecode.c.objc; path = Flickr.m; sourceTree = "<group>"; };
		7413C3F81C0E5C57009262A8 /* FlickrPhoto.h */ = {isa = PBXFileReference; fileEncoding = 4; lastKnownFileType = sourcecode.c.h; path = FlickrPhoto.h; sourceTree = "<group>"; };
		7413C3F91C0E5C57009262A8 /* FlickrPhoto.m */ = {isa = PBXFileReference; fileEncoding = 4; lastKnownFileType = sourcecode.c.objc; path = FlickrPhoto.m; sourceTree = "<group>"; };
/* End PBXFileReference section */

/* Begin PBXFrameworksBuildPhase section */
		7409FB6C1C0D38900029B9A5 /* Frameworks */ = {
			isa = PBXFrameworksBuildPhase;
			buildActionMask = 2147483647;
			files = (
			);
			runOnlyForDeploymentPostprocessing = 0;
		};
/* End PBXFrameworksBuildPhase section */

/* Begin PBXGroup section */
		7409FB661C0D38900029B9A5 = {
			isa = PBXGroup;
			children = (
				7409FB711C0D38900029B9A5 /* CityWeatherIOS */,
				7409FB701C0D38900029B9A5 /* Products */,
			);
			sourceTree = "<group>";
		};
		7409FB701C0D38900029B9A5 /* Products */ = {
			isa = PBXGroup;
			children = (
				7409FB6F1C0D38900029B9A5 /* CityWeatherIOS.app */,
			);
			name = Products;
			sourceTree = "<group>";
		};
		7409FB711C0D38900029B9A5 /* CityWeatherIOS */ = {
			isa = PBXGroup;
			children = (
				7413C3F51C0E5C57009262A8 /* FlickrInterface */,
				7409FB951C0D3A4D0029B9A5 /* Weather */,
				7409FB751C0D38900029B9A5 /* AppDelegate.h */,
				7409FB761C0D38900029B9A5 /* AppDelegate.m */,
				7409FB781C0D38900029B9A5 /* ViewController.h */,
				7409FB791C0D38900029B9A5 /* ViewController.m */,
				7409FB9C1C0D3B4C0029B9A5 /* Constants.h */,
				7409FB9D1C0D3B4C0029B9A5 /* Constants.m */,
				7409FB9E1C0D3B4C0029B9A5 /* Utilities.h */,
				7409FB9F1C0D3B4C0029B9A5 /* Utilities.m */,
				7409FB7B1C0D38900029B9A5 /* Main.storyboard */,
				7409FB811C0D38900029B9A5 /* Assets.xcassets */,
				7409FB831C0D38900029B9A5 /* LaunchScreen.storyboard */,
				7409FB861C0D38900029B9A5 /* Info.plist */,
				7409FB7E1C0D38900029B9A5 /* CityWeatherIOS.xcdatamodeld */,
				7409FB721C0D38900029B9A5 /* Supporting Files */,
			);
			path = CityWeatherIOS;
			sourceTree = "<group>";
		};
		7409FB721C0D38900029B9A5 /* Supporting Files */ = {
			isa = PBXGroup;
			children = (
				7409FB731C0D38900029B9A5 /* main.m */,
			);
			name = "Supporting Files";
			sourceTree = "<group>";
		};
		7409FB951C0D3A4D0029B9A5 /* Weather */ = {
			isa = PBXGroup;
			children = (
				7409FB961C0D3A690029B9A5 /* Weather+OpenWeather.h */,
				7409FB971C0D3A690029B9A5 /* Weather+OpenWeather.m */,
				7409FB8F1C0D3A0D0029B9A5 /* Weather+CoreDataProperties.h */,
				7409FB901C0D3A0D0029B9A5 /* Weather+CoreDataProperties.m */,
				7409FB911C0D3A0D0029B9A5 /* Weather.h */,
				7409FB921C0D3A0D0029B9A5 /* Weather.m */,
			);
			name = Weather;
			path = ..;
			sourceTree = "<group>";
		};
		7413C3F51C0E5C57009262A8 /* FlickrInterface */ = {
			isa = PBXGroup;
			children = (
				7413C3F61C0E5C57009262A8 /* Flickr.h */,
				7413C3F71C0E5C57009262A8 /* Flickr.m */,
				7413C3F81C0E5C57009262A8 /* FlickrPhoto.h */,
				7413C3F91C0E5C57009262A8 /* FlickrPhoto.m */,
			);
			path = FlickrInterface;
			sourceTree = "<group>";
		};
/* End PBXGroup section */

/* Begin PBXNativeTarget section */
		7409FB6E1C0D38900029B9A5 /* CityWeatherIOS */ = {
			isa = PBXNativeTarget;
			buildConfigurationList = 7409FB891C0D38900029B9A5 /* Build configuration list for PBXNativeTarget "CityWeatherIOS" */;
			buildPhases = (
				7409FB6B1C0D38900029B9A5 /* Sources */,
				7409FB6C1C0D38900029B9A5 /* Frameworks */,
				7409FB6D1C0D38900029B9A5 /* Resources */,
			);
			buildRules = (
			);
			dependencies = (
			);
			name = CityWeatherIOS;
			productName = CityWeatherIOS;
			productReference = 7409FB6F1C0D38900029B9A5 /* CityWeatherIOS.app */;
			productType = "com.apple.product-type.application";
		};
/* End PBXNativeTarget section */

/* Begin PBXProject section */
		7409FB671C0D38900029B9A5 /* Project object */ = {
			isa = PBXProject;
			attributes = {
				LastUpgradeCheck = 0710;
				ORGANIZATIONNAME = "Ajay Thaur";
				TargetAttributes = {
					7409FB6E1C0D38900029B9A5 = {
						CreatedOnToolsVersion = 7.1.1;
					};
				};
			};
			buildConfigurationList = 7409FB6A1C0D38900029B9A5 /* Build configuration list for PBXProject "CityWeatherIOS" */;
			compatibilityVersion = "Xcode 3.2";
			developmentRegion = English;
			hasScannedForEncodings = 0;
			knownRegions = (
				en,
				Base,
			);
			mainGroup = 7409FB661C0D38900029B9A5;
			productRefGroup = 7409FB701C0D38900029B9A5 /* Products */;
			projectDirPath = "";
			projectRoot = "";
			targets = (
				7409FB6E1C0D38900029B9A5 /* CityWeatherIOS */,
			);
		};
/* End PBXProject section */

/* Begin PBXResourcesBuildPhase section */
		7409FB6D1C0D38900029B9A5 /* Resources */ = {
			isa = PBXResourcesBuildPhase;
			buildActionMask = 2147483647;
			files = (
				7409FB851C0D38900029B9A5 /* LaunchScreen.storyboard in Resources */,
				7409FB821C0D38900029B9A5 /* Assets.xcassets in Resources */,
				7409FB7D1C0D38900029B9A5 /* Main.storyboard in Resources */,
			);
			runOnlyForDeploymentPostprocessing = 0;
		};
/* End PBXResourcesBuildPhase section */

/* Begin PBXSourcesBuildPhase section */
		7409FB6B1C0D38900029B9A5 /* Sources */ = {
			isa = PBXSourcesBuildPhase;
			buildActionMask = 2147483647;
			files = (
				7413C3FA1C0E5C57009262A8 /* Flickr.m in Sources */,
				7409FB7A1C0D38900029B9A5 /* ViewController.m in Sources */,
				7409FB771C0D38900029B9A5 /* AppDelegate.m in Sources */,
				7409FB941C0D3A0D0029B9A5 /* Weather.m in Sources */,
				7409FBA11C0D3B4C0029B9A5 /* Utilities.m in Sources */,
				7409FBA01C0D3B4C0029B9A5 /* Constants.m in Sources */,
				7409FB931C0D3A0D0029B9A5 /* Weather+CoreDataProperties.m in Sources */,
				7409FB741C0D38900029B9A5 /* main.m in Sources */,
				7409FB981C0D3A690029B9A5 /* Weather+OpenWeather.m in Sources */,
				7413C3FB1C0E5C57009262A8 /* FlickrPhoto.m in Sources */,
				7409FB801C0D38900029B9A5 /* CityWeatherIOS.xcdatamodeld in Sources */,
			);
			runOnlyForDeploymentPostprocessing = 0;
		};
/* End PBXSourcesBuildPhase section */

/* Begin PBXVariantGroup section */
		7409FB7B1C0D38900029B9A5 /* Main.storyboard */ = {
			isa = PBXVariantGroup;
			children = (
				7409FB7C1C0D38900029B9A5 /* Base */,
			);
			name = Main.storyboard;
			sourceTree = "<group>";
		};
		7409FB831C0D38900029B9A5 /* LaunchScreen.storyboard */ = {
			isa = PBXVariantGroup;
			children = (
				7409FB841C0D38900029B9A5 /* Base */,
			);
			name = LaunchScreen.storyboard;
			sourceTree = "<group>";
		};
/* End PBXVariantGroup section */

/* Begin XCBuildConfiguration section */
		7409FB871C0D38900029B9A5 /* Debug */ = {
			isa = XCBuildConfiguration;
			buildSettings = {
				ALWAYS_SEARCH_USER_PATHS = NO;
				CLANG_CXX_LANGUAGE_STANDARD = "gnu++0x";
				CLANG_CXX_LIBRARY = "libc++";
				CLANG_ENABLE_MODULES = YES;
				CLANG_ENABLE_OBJC_ARC = YES;
				CLANG_WARN_BOOL_CONVERSION = YES;
				CLANG_WARN_CONSTANT_CONVERSION = YES;
				CLANG_WARN_DIRECT_OBJC_ISA_USAGE = YES_ERROR;
				CLANG_WARN_EMPTY_BODY = YES;
				CLANG_WARN_ENUM_CONVERSION = YES;
				CLANG_WARN_INT_CONVERSION = YES;
				CLANG_WARN_OBJC_ROOT_CLASS = YES_ERROR;
				CLANG_WARN_UNREACHABLE_CODE = YES;
				CLANG_WARN__DUPLICATE_METHOD_MATCH = YES;
				"CODE_SIGN_IDENTITY[sdk=iphoneos*]" = "iPhone Developer";
				COPY_PHASE_STRIP = NO;
				DEBUG_INFORMATION_FORMAT = dwarf;
				ENABLE_STRICT_OBJC_MSGSEND = YES;
				ENABLE_TESTABILITY = YES;
				GCC_C_LANGUAGE_STANDARD = gnu99;
				GCC_DYNAMIC_NO_PIC = NO;
				GCC_NO_COMMON_BLOCKS = YES;
				GCC_OPTIMIZATION_LEVEL = 0;
				GCC_PREPROCESSOR_DEFINITIONS = (
					"DEBUG=1",
					"$(inherited)",
				);
				GCC_WARN_64_TO_32_BIT_CONVERSION = YES;
				GCC_WARN_ABOUT_RETURN_TYPE = YES_ERROR;
				GCC_WARN_UNDECLARED_SELECTOR = YES;
				GCC_WARN_UNINITIALIZED_AUTOS = YES_AGGRESSIVE;
				GCC_WARN_UNUSED_FUNCTION = YES;
				GCC_WARN_UNUSED_VARIABLE = YES;
				IPHONEOS_DEPLOYMENT_TARGET = 9.1;
				MTL_ENABLE_DEBUG_INFO = YES;
				ONLY_ACTIVE_ARCH = YES;
				SDKROOT = iphoneos;
				TARGETED_DEVICE_FAMILY = "1,2";
			};
			name = Debug;
		};
		7409FB881C0D38900029B9A5 /* Release */ = {
			isa = XCBuildConfiguration;
			buildSettings = {
				ALWAYS_SEARCH_USER_PATHS = NO;
				CLANG_CXX_LANGUAGE_STANDARD = "gnu++0x";
				CLANG_CXX_LIBRARY = "libc++";
				CLANG_ENABLE_MODULES = YES;
				CLANG_ENABLE_OBJC_ARC = YES;
				CLANG_WARN_BOOL_CONVERSION = YES;
				CLANG_WARN_CONSTANT_CONVERSION = YES;
				CLANG_WARN_DIRECT_OBJC_ISA_USAGE = YES_ERROR;
				CLANG_WARN_EMPTY_BODY = YES;
				CLANG_WARN_ENUM_CONVERSION = YES;
				CLANG_WARN_INT_CONVERSION = YES;
				CLANG_WARN_OBJC_ROOT_CLASS = YES_ERROR;
				CLANG_WARN_UNREACHABLE_CODE = YES;
				CLANG_WARN__DUPLICATE_METHOD_MATCH = YES;
				"CODE_SIGN_IDENTITY[sdk=iphoneos*]" = "iPhone Developer";
				COPY_PHASE_STRIP = NO;
				DEBUG_INFORMATION_FORMAT = "dwarf-with-dsym";
				ENABLE_NS_ASSERTIONS = NO;
				ENABLE_STRICT_OBJC_MSGSEND = YES;
				GCC_C_LANGUAGE_STANDARD = gnu99;
				GCC_NO_COMMON_BLOCKS = YES;
				GCC_WARN_64_TO_32_BIT_CONVERSION = YES;
				GCC_WARN_ABOUT_RETURN_TYPE = YES_ERROR;
				GCC_WARN_UNDECLARED_SELECTOR = YES;
				GCC_WARN_UNINITIALIZED_AUTOS = YES_AGGRESSIVE;
				GCC_WARN_UNUSED_FUNCTION = YES;
				GCC_WARN_UNUSED_VARIABLE = YES;
				IPHONEOS_DEPLOYMENT_TARGET = 9.1;
				MTL_ENABLE_DEBUG_INFO = NO;
				SDKROOT = iphoneos;
				TARGETED_DEVICE_FAMILY = "1,2";
				VALIDATE_PRODUCT = YES;
			};
			name = Release;
		};
		7409FB8A1C0D38900029B9A5 /* Debug */ = {
			isa = XCBuildConfiguration;
			buildSettings = {
				ASSETCATALOG_COMPILER_APPICON_NAME = AppIcon;
				INFOPLIST_FILE = CityWeatherIOS/Info.plist;
				LD_RUNPATH_SEARCH_PATHS = "$(inherited) @executable_path/Frameworks";
				PRODUCT_BUNDLE_IDENTIFIER = com.psv.apps.ios.CityWeatherIOS;
				PRODUCT_NAME = "$(TARGET_NAME)";
			};
			name = Debug;
		};
		7409FB8B1C0D38900029B9A5 /* Release */ = {
			isa = XCBuildConfiguration;
			buildSettings = {
				ASSETCATALOG_COMPILER_APPICON_NAME = AppIcon;
				INFOPLIST_FILE = CityWeatherIOS/Info.plist;
				LD_RUNPATH_SEARCH_PATHS = "$(inherited) @executable_path/Frameworks";
				PRODUCT_BUNDLE_IDENTIFIER = com.psv.apps.ios.CityWeatherIOS;
				PRODUCT_NAME = "$(TARGET_NAME)";
			};
			name = Release;
		};
/* End XCBuildConfiguration section */

/* Begin XCConfigurationList section */
		7409FB6A1C0D38900029B9A5 /* Build configuration list for PBXProject "CityWeatherIOS" */ = {
			isa = XCConfigurationList;
			buildConfigurations = (
				7409FB871C0D38900029B9A5 /* Debug */,
				7409FB881C0D38900029B9A5 /* Release */,
			);
			defaultConfigurationIsVisible = 0;
			defaultConfigurationName = Release;
		};
		7409FB891C0D38900029B9A5 /* Build configuration list for PBXNativeTarget "CityWeatherIOS" */ = {
			isa = XCConfigurationList;
			buildConfigurations = (
				7409FB8A1C0D38900029B9A5 /* Debug */,
				7409FB8B1C0D38900029B9A5 /* Release */,
			);
			defaultConfigurationIsVisible = 0;
			defaultConfigurationName = Release;
		};
/* End XCConfigurationList section */

/* Begin XCVersionGroup section */
		7409FB7E1C0D38900029B9A5 /* CityWeatherIOS.xcdatamodeld */ = {
			isa = XCVersionGroup;
			children = (
				7409FB7F1C0D38900029B9A5 /* CityWeatherIOS.xcdatamodel */,
			);
			currentVersion = 7409FB7F1C0D38900029B9A5 /* CityWeatherIOS.xcdatamodel */;
			path = CityWeatherIOS.xcdatamodeld;
			sourceTree = "<group>";
			versionGroupType = wrapper.xcdatamodel;
		};
/* End XCVersionGroup section */
	};
	rootObject = 7409FB671C0D38900029B9A5 /* Project object */;
}
